{
    "_meta": {
        "hash": {
            "sha256": "5c712cacab39cfed255beaf3fcdc4b17ae515adea78c16556eb6abaf79d3ac76"
        },
        "pipfile-spec": 6,
        "requires": {
            "python_version": "3"
        },
        "sources": [
            {
                "name": "pypi",
                "url": "https://pypi.org/simple",
                "verify_ssl": true
            }
        ]
    },
    "default": {
        "certifi": {
            "hashes": [
                "sha256:9c5705e395cd70084351dd8ad5c41e65655e08ce46f2ec9cf6c2c08390f71eb7",
                "sha256:f1d53542ee8cbedbe2118b5686372fb33c297fcd6379b050cca0ef13a597382a"
            ],
            "markers": "python_version >= '3.6'",
            "version": "==2022.5.18.1"
        },
        "charset-normalizer": {
            "hashes": [
                "sha256:2857e29ff0d34db842cd7ca3230549d1a697f96ee6d3fb071cfa6c7393832597",
                "sha256:6881edbebdb17b39b4eaaa821b438bf6eddffb4468cf344f09f89def34a8b1df"
            ],
            "markers": "python_version >= '3.5'",
            "version": "==2.0.12"
        },
        "dill": {
            "hashes": [
                "sha256:33501d03270bbe410c72639b350e941882a8b0fd55357580fbc873fba0c59302",
                "sha256:d75e41f3eff1eee599d738e76ba8f4ad98ea229db8b085318aa2b3333a208c86"
            ],
            "markers": "python_version >= '2.7' and python_version not in '3.0, 3.1, 3.2, 3.3, 3.4, 3.5, 3.6'",
            "version": "==0.3.5.1"
        },
        "idna": {
            "hashes": [
                "sha256:84d9dd047ffa80596e0f246e2eab0b391788b0503584e8945f2368256d2735ff",
                "sha256:9d643ff0a55b762d5cdb124b8eaa99c66322e2157b69160bc32796e824360e6d"
            ],
            "markers": "python_version >= '3.5'",
            "version": "==3.3"
        },
        "multiprocess": {
            "hashes": [
                "sha256:00ef48461d43d1e30f8f4b2e1b287ecaaffec325a37053beb5503e0d69e5a3cd",
                "sha256:01c1137d2f18d0cd262d0fdb7294b1fe9fc3e8dc8b126e506085434ae8eb3677",
                "sha256:0f4faf4811019efdb2f91db09240f893ee40cbfcb06978f3b8ed8c248e73babe",
                "sha256:17cb4229aa43e6973679d67c66a454cbf8b6b0d038425cba3220ea5a06d61b58",
                "sha256:2e096dd618a84d15aa369a9cf6695815e5539f853dc8fa4f4b9153b11b1d0b32",
                "sha256:34e9703bd5b9fee5455c93a74e44dbabe55481c214d03be1e65f037be9d0c520",
                "sha256:3ec1c8015e19182bfa01b5887a9c25805c48df3c71863f48fe83803147cde5d6",
                "sha256:48315eefe02c35dd7560da3fa8af66d9f4a61b9dc8f7c40801c5f972ab4604b1",
                "sha256:5436d1cd9f901f7ddc4f20b6fd0b462c87dcc00d941cc13eeb2401fc5bd00e42",
                "sha256:5974bdad390ba466cc130288d2ef1048fdafedd01cf4641fc024f6088af70bfe",
                "sha256:5a6dca5f29f0224c855d0d5cad963476175cfc8de112d3eebe85914cb735f130",
                "sha256:62e556a0c31ec7176e28aa331663ac26c276ee3536b5e9bb5e850681e7a00f11",
                "sha256:6cdde49defcb933062df382ebc9b5299beebcd157a98b3a65291c1c94a2edc41",
                "sha256:7be9e320a41d2d0d0eddacfe693cfb07b4cb9c0d3d10007f4304255c15215778",
                "sha256:7e6a689da3490412caa7b3e27c3385d8aaa49135f3a353ace94ca47e4c926d37",
                "sha256:92003c247436f8699b7692e95346a238446710f078500eb364bc23bb0503dd4f",
                "sha256:99bb68dd0d5b3d30fe104721bee26e4637667112d5951b51feb81479fd560876",
                "sha256:af0a48440aa8f793d8bb100f20102c12f192de5a608638819a998f2cc59e1fcd",
                "sha256:b7415f61bddfffdade73396904551be8124a4a363322aa9c72d42e349c5fca39",
                "sha256:b9a3be43ecee6776a9e7223af96914a0164f306affcf4624b213885172236b77",
                "sha256:c4a97216e8319039c69a266252cc68a392b96f9e67e3ed02ad88be9e6f2d2969"
            ],
            "markers": "python_version >= '2.7' and python_version not in '3.0, 3.1, 3.2, 3.3, 3.4, 3.5, 3.6'",
            "version": "==0.70.13"
        },
        "p-tqdm": {
            "hashes": [
                "sha256:8b9316d8bae43279e03ea01c8849422e5072a931f1b94b79890b0da426802c6e"
            ],
            "index": "pypi",
            "version": "==1.3.3"
        },
        "pathos": {
            "hashes": [
                "sha256:1c44373d8692897d5d15a8aa3b3a442ddc0814c5e848f4ff0ded5491f34b1dac",
                "sha256:6a6ddb514ce2719f63fb88d5ec4f4490e436b636b54f1102d952c9f7c52f18e2",
                "sha256:a8dbddcd3d9af32ada7c6dc088d845588c513a29a0ba19ab9f64c5cd83692934"
            ],
            "markers": "python_version >= '2.7' and python_version not in '3.0, 3.1, 3.2, 3.3, 3.4, 3.5, 3.6'",
            "version": "==0.2.9"
        },
        "pox": {
            "hashes": [
                "sha256:541b5c845aacb806c1364d4142003efb809d654c9ca8db82e650ee86c81e680b",
                "sha256:cbb0c0acd650c0ffb620999da611e93aae5105c46a084c4ceaf2f704ed708c1e"
            ],
            "markers": "python_version >= '2.7' and python_version not in '3.0, 3.1, 3.2, 3.3, 3.4, 3.5, 3.6'",
            "version": "==0.3.1"
        },
        "ppft": {
            "hashes": [
                "sha256:07166097d7dd45af7b98859654390d579d11dadf20780f6baca4bded3f55a580",
                "sha256:47e0dab87a516c0b9992cd5b0c908348e4c7d964304d106b227fad28ae03219e"
            ],
            "markers": "python_version >= '2.7' and python_version not in '3.0, 3.1, 3.2, 3.3, 3.4, 3.5, 3.6'",
            "version": "==1.7.6.5"
        },
        "requests": {
            "hashes": [
                "sha256:bc7861137fbce630f17b03d3ad02ad0bf978c844f3536d0edda6499dafce2b6f",
                "sha256:d568723a7ebd25875d8d1eaf5dfa068cd2fc8194b2e483d7b1f7c81918dbec6b"
            ],
            "index": "pypi",
            "version": "==2.28.0"
        },
        "six": {
            "hashes": [
                "sha256:1e61c37477a1626458e36f7b1d82aa5c9b094fa4802892072e49de9c60c4c926",
                "sha256:8abb2f1d86890a2dfb989f9a77cfcfd3e47c2a354b01111771326f8aa26e0254"
            ],
            "markers": "python_version >= '2.7' and python_version not in '3.0, 3.1, 3.2, 3.3'",
            "version": "==1.16.0"
        },
        "tqdm": {
            "hashes": [
                "sha256:40be55d30e200777a307a7585aee69e4eabb46b4ec6a4b4a5f2d9f11e7d5408d",
                "sha256:74a2cdefe14d11442cedf3ba4e21a3b84ff9a2dbdc6cfae2c34addb2a14a5ea6"
            ],
            "markers": "python_version >= '2.7' and python_version not in '3.0, 3.1, 3.2, 3.3'",
            "version": "==4.64.0"
        },
        "urllib3": {
            "hashes": [
                "sha256:44ece4d53fb1706f667c9bd1c648f5469a2ec925fcf3a776667042d645472c14",
                "sha256:aabaf16477806a5e1dd19aa41f8c2b7950dd3c746362d7e3223dbe6de6ac448e"
            ],
            "markers": "python_version >= '2.7' and python_version not in '3.0, 3.1, 3.2, 3.3, 3.4' and python_version < '4'",
            "version": "==1.26.9"
        }
    },
    "develop": {}
}
